
Microsoft Visual Studio Solution File, Format Version 11.00
# Visual Studio 2010
Project("{FAE04EC0-301F-11D3-BF4B-00C04F79EFBC}") = "NewFlight", "Assembly-CSharp.csproj", "{508907FF-18EC-EAC6-D149-506C4CE68243}"
EndProject
Project("{FAE04EC0-301F-11D3-BF4B-00C04F79EFBC}") = "NewFlight", "Assembly-CSharp-firstpass.csproj", "{DDB1AF84-FEA1-96F5-75BF-980B9E81B1E9}"
EndProject
Project("{FAE04EC0-301F-11D3-BF4B-00C04F79EFBC}") = "NewFlight", "Assembly-CSharp-Editor-firstpass.csproj", "{180815E3-72A9-F23A-1F7B-727875A703D9}"
EndProject
Project("{FAE04EC0-301F-11D3-BF4B-00C04F79EFBC}") = "NewFlight", "Assembly-CSharp-Editor.csproj", "{0C24B9C9-54DC-2ADD-602D-2EDB448F8300}"
EndProject
Global
	GlobalSection(SolutionConfigurationPlatforms) = preSolution
		Debug|Any CPU = Debug|Any CPU
		Release|Any CPU = Release|Any CPU
	EndGlobalSection
	GlobalSection(ProjectConfigurationPlatforms) = postSolution
		{508907FF-18EC-EAC6-D149-506C4CE68243}.Debug|Any CPU.ActiveCfg = Debug|Any CPU
		{508907FF-18EC-EAC6-D149-506C4CE68243}.Debug|Any CPU.Build.0 = Debug|Any CPU
		{508907FF-18EC-EAC6-D149-506C4CE68243}.Release|Any CPU.ActiveCfg = Release|Any CPU
		{508907FF-18EC-EAC6-D149-506C4CE68243}.Release|Any CPU.Build.0 = Release|Any CPU
		{DDB1AF84-FEA1-96F5-75BF-980B9E81B1E9}.Debug|Any CPU.ActiveCfg = Debug|Any CPU
		{DDB1AF84-FEA1-96F5-75BF-980B9E81B1E9}.Debug|Any CPU.Build.0 = Debug|Any CPU
		{DDB1AF84-FEA1-96F5-75BF-980B9E81B1E9}.Release|Any CPU.ActiveCfg = Release|Any CPU
		{DDB1AF84-FEA1-96F5-75BF-980B9E81B1E9}.Release|Any CPU.Build.0 = Release|Any CPU
		{180815E3-72A9-F23A-1F7B-727875A703D9}.Debug|Any CPU.ActiveCfg = Debug|Any CPU
		{180815E3-72A9-F23A-1F7B-727875A703D9}.Debug|Any CPU.Build.0 = Debug|Any CPU
		{180815E3-72A9-F23A-1F7B-727875A703D9}.Release|Any CPU.ActiveCfg = Release|Any CPU
		{180815E3-72A9-F23A-1F7B-727875A703D9}.Release|Any CPU.Build.0 = Release|Any CPU
		{0C24B9C9-54DC-2ADD-602D-2EDB448F8300}.Debug|Any CPU.ActiveCfg = Debug|Any CPU
		{0C24B9C9-54DC-2ADD-602D-2EDB448F8300}.Debug|Any CPU.Build.0 = Debug|Any CPU
		{0C24B9C9-54DC-2ADD-602D-2EDB448F8300}.Release|Any CPU.ActiveCfg = Release|Any CPU
		{0C24B9C9-54DC-2ADD-602D-2EDB448F8300}.Release|Any CPU.Build.0 = Release|Any CPU
	EndGlobalSection
	GlobalSection(SolutionProperties) = preSolution
		HideSolutionNode = FALSE
	EndGlobalSection
	GlobalSection(MonoDevelopProperties) = preSolution
		StartupItem = Assembly-CSharp.csproj
	EndGlobalSection
EndGlobal
